// !$*UTF8*$!
{
	archiveVersion = 1;
	classes = {
	};
	objectVersion = 48;
	objects = {

/* Begin PBXBuildFile section */
		FE41578421E7C2570084DD78 /* AppDelegate.swift in Sources */ = {isa = PBXBuildFile; fileRef = FE41578321E7C2570084DD78 /* AppDelegate.swift */; };
		FE41578621E7C2570084DD78 /* ViewController.swift in Sources */ = {isa = PBXBuildFile; fileRef = FE41578521E7C2570084DD78 /* ViewController.swift */; };
		FE41578921E7C2570084DD78 /* Main.storyboard in Resources */ = {isa = PBXBuildFile; fileRef = FE41578721E7C2570084DD78 /* Main.storyboard */; };
		FE41578B21E7C2580084DD78 /* Assets.xcassets in Resources */ = {isa = PBXBuildFile; fileRef = FE41578A21E7C2580084DD78 /* Assets.xcassets */; };
		FE41578E21E7C2580084DD78 /* LaunchScreen.storyboard in Resources */ = {isa = PBXBuildFile; fileRef = FE41578C21E7C2580084DD78 /* LaunchScreen.storyboard */; };
		FEF89CF82246BF4C004F386A /* MapKit.framework in Frameworks */ = {isa = PBXBuildFile; fileRef = FEF89CF72246BF4C004F386A /* MapKit.framework */; };
/* End PBXBuildFile section */

/* Begin PBXFileReference section */
		FE41578021E7C2560084DD78 /* showMyLocation.app */ = {isa = PBXFileReference; explicitFileType = wrapper.application; includeInIndex = 0; path = showMyLocation.app; sourceTree = BUILT_PRODUCTS_DIR; };
		FE41578321E7C2570084DD78 /* AppDelegate.swift */ = {isa = PBXFileReference; lastKnownFileType = sourcecode.swift; path = AppDelegate.swift; sourceTree = "<group>"; };
		FE41578521E7C2570084DD78 /* ViewController.swift */ = {isa = PBXFileReference; lastKnownFileType = sourcecode.swift; path = ViewController.swift; sourceTree = "<group>"; };
		FE41578821E7C2570084DD78 /* Base */ = {isa = PBXFileReference; lastKnownFileType = file.storyboard; name = Base; path = Base.lproj/Main.storyboard; sourceTree = "<group>"; };
		FE41578A21E7C2580084DD78 /* Assets.xcassets */ = {isa = PBXFileReference; lastKnownFileType = folder.assetcatalog; path = Assets.xcassets; sourceTree = "<group>"; };
		FE41578D21E7C2580084DD78 /* Base */ = {isa = PBXFileReference; lastKnownFileType = file.storyboard; name = Base; path = Base.lproj/LaunchScreen.storyboard; sourceTree = "<group>"; };
		FE41578F21E7C2580084DD78 /* Info.plist */ = {isa = PBXFileReference; lastKnownFileType = text.plist.xml; path = Info.plist; sourceTree = "<group>"; };
		FEF89CF72246BF4C004F386A /* MapKit.framework */ = {isa = PBXFileReference; lastKnownFileType = wrapper.framework; name = MapKit.framework; path = System/Library/Frameworks/MapKit.framework; sourceTree = SDKROOT; };
/* End PBXFileReference section */

/* Begin PBXFrameworksBuildPhase section */
		FE41577D21E7C2560084DD78 /* Frameworks */ = {
			isa = PBXFrameworksBuildPhase;
			buildActionMask = 2147483647;
			files = (
				FEF89CF82246BF4C004F386A /* MapKit.framework in Frameworks */,
			);
			runOnlyForDeploymentPostprocessing = 0;
		};
/* End PBXFrameworksBuildPhase section */

/* Begin PBXGroup section */
		FE41577721E7C2550084DD78 = {
			isa = PBXGroup;
			children = (
				FE41578221E7C2570084DD78 /* showMyLocation */,
				FE41578121E7C2560084DD78 /* Products */,
				FEF89CF62246BF4C004F386A /* Frameworks */,
			);
			sourceTree = "<group>";
		};
		FE41578121E7C2560084DD78 /* Products */ = {
			isa = PBXGroup;
			children = (
				FE41578021E7C2560084DD78 /* showMyLocation.app */,
			);
			name = Products;
			sourceTree = "<group>";
		};
		FE41578221E7C2570084DD78 /* showMyLocation */ = {
			isa = PBXGroup;
			children = (
				FE41578321E7C2570084DD78 /* AppDelegate.swift */,
				FE41578521E7C2570084DD78 /* ViewController.swift */,
				FE41578721E7C2570084DD78 /* Main.storyboard */,
				FE41578A21E7C2580084DD78 /* Assets.xcassets */,
				FE41578C21E7C2580084DD78 /* LaunchScreen.storyboard */,
				FE41578F21E7C2580084DD78 /* Info.plist */,
			);
			path = showMyLocation;
			sourceTree = "<group>";
		};
		FEF89CF62246BF4C004F386A /* Frameworks */ = {
			isa = PBXGroup;
			children = (
				FEF89CF72246BF4C004F386A /* MapKit.framework */,
			);
			name = Frameworks;
			sourceTree = "<group>";
		};
/* End PBXGroup section */

/* Begin PBXNativeTarget section */
		FE41577F21E7C2560084DD78 /* showMyLocation */ = {
			isa = PBXNativeTarget;
			buildConfigurationList = FE41579221E7C2580084DD78 /* Build configuration list for PBXNativeTarget "showMyLocation" */;
			buildPhases = (
				FE41577C21E7C2560084DD78 /* Sources */,
				FE41577D21E7C2560084DD78 /* Frameworks */,
				FE41577E21E7C2560084DD78 /* Resources */,
			);
			buildRules = (
			);
			dependencies = (
			);
			name = showMyLocation;
			productName = showMyLocation;
			productReference = FE41578021E7C2560084DD78 /* showMyLocation.app */;
			productType = "com.apple.product-type.application";
		};
/* End PBXNativeTarget section */

/* Begin PBXProject section */
		FE41577821E7C2560084DD78 /* Project object */ = {
			isa = PBXProject;
			attributes = {
				LastSwiftUpdateCheck = 0920;
				LastUpgradeCheck = 0920;
				ORGANIZATIONNAME = Vitaliy;
				TargetAttributes = {
					FE41577F21E7C2560084DD78 = {
						CreatedOnToolsVersion = 9.2;
						ProvisioningStyle = Automatic;
						SystemCapabilities = {
							com.apple.Maps.iOS = {
								enabled = 1;
							};
						};
					};
				};
			};
			buildConfigurationList = FE41577B21E7C2560084DD78 /* Build configuration list for PBXProject "showMyLocation" */;
			compatibilityVersion = "Xcode 8.0";
			developmentRegion = en;
			hasScannedForEncodings = 0;
			knownRegions = (
				en,
				Base,
			);
			mainGroup = FE41577721E7C2550084DD78;
			productRefGroup = FE41578121E7C2560084DD78 /* Products */;
			projectDirPath = "";
			projectRoot = "";
			targets = (
				FE41577F21E7C2560084DD78 /* showMyLocation */,
			);
		};
/* End PBXProject section */

/* Begin PBXResourcesBuildPhase section */
		FE41577E21E7C2560084DD78 /* Resources */ = {
			isa = PBXResourcesBuildPhase;
			buildActionMask = 2147483647;
			files = (
				FE41578E21E7C2580084DD78 /* LaunchScreen.storyboard in Resources */,
				FE41578B21E7C2580084DD78 /* Assets.xcassets in Resources */,
				FE41578921E7C2570084DD78 /* Main.storyboard in Resources */,
			);
			runOnlyForDeploymentPostprocessing = 0;
		};
/* End PBXResourcesBuildPhase section */

/* Begin PBXSourcesBuildPhase section */
		FE41577C21E7C2560084DD78 /* Sources */ = {
			isa = PBXSourcesBuildPhase;
			buildActionMask = 2147483647;
			files = (
				FE41578621E7C2570084DD78 /* ViewController.swift in Sources */,
				FE41578421E7C2570084DD78 /* AppDelegate.swift in Sources */,
			);
			runOnlyForDeploymentPostprocessing = 0;
		};
/* End PBXSourcesBuildPhase section */

/* Begin PBXVariantGroup section */
		FE41578721E7C2570084DD78 /* Main.storyboard */ = {
			isa = PBXVariantGroup;
			children = (
				FE41578821E7C2570084DD78 /* Base */,
			);
			name = Main.storyboard;
			sourceTree = "<group>";
		};
		FE41578C21E7C2580084DD78 /* LaunchScreen.storyboard */ = {
			isa = PBXVariantGroup;
			children = (
				FE41578D21E7C2580084DD78 /* Base */,
			);
			name = LaunchScreen.storyboard;
			sourceTree = "<group>";
		};
/* End PBXVariantGroup section */

/* Begin XCBuildConfiguration section */
		FE41579021E7C2580084DD78 /* Debug */ = {
			isa = XCBuildConfiguration;
			buildSettings = {
				ALWAYS_SEARCH_USER_PATHS = NO;
				CLANG_ANALYZER_NONNULL = YES;
				CLANG_ANALYZER_NUMBER_OBJECT_CONVERSION = YES_AGGRESSIVE;
				CLANG_CXX_LANGUAGE_STANDARD = "gnu++14";
				CLANG_CXX_LIBRARY = "libc++";
				CLANG_ENABLE_MODULES = YES;
				CLANG_ENABLE_OBJC_ARC = YES;
				CLANG_WARN_BLOCK_CAPTURE_AUTORELEASING = YES;
				CLANG_WARN_BOOL_CONVERSION = YES;
				CLANG_WARN_COMMA = YES;
				CLANG_WARN_CONSTANT_CONVERSION = YES;
				CLANG_WARN_DIRECT_OBJC_ISA_USAGE = YES_ERROR;
				CLANG_WARN_DOCUMENTATION_COMMENTS = YES;
				CLANG_WARN_EMPTY_BODY = YES;
				CLANG_WARN_ENUM_CONVERSION = YES;
				CLANG_WARN_INFINITE_RECURSION = YES;
				CLANG_WARN_INT_CONVERSION = YES;
				CLANG_WARN_NON_LITERAL_NULL_CONVERSION = YES;
				CLANG_WARN_OBJC_LITERAL_CONVERSION = YES;
				CLANG_WARN_OBJC_ROOT_CLASS = YES_ERROR;
				CLANG_WARN_RANGE_LOOP_ANALYSIS = YES;
				CLANG_WARN_STRICT_PROTOTYPES = YES;
				CLANG_WARN_SUSPICIOUS_MOVE = YES;
				CLANG_WARN_UNGUARDED_AVAILABILITY = YES_AGGRESSIVE;
				CLANG_WARN_UNREACHABLE_CODE = YES;
				CLANG_WARN__DUPLICATE_METHOD_MATCH = YES;
				CODE_SIGN_IDENTITY = "iPhone Developer";
				COPY_PHASE_STRIP = NO;
				DEBUG_INFORMATION_FORMAT = dwarf;
				ENABLE_STRICT_OBJC_MSGSEND = YES;
				ENABLE_TESTABILITY = YES;
				GCC_C_LANGUAGE_STANDARD = gnu11;
				GCC_DYNAMIC_NO_PIC = NO;
				GCC_NO_COMMON_BLOCKS = YES;
				GCC_OPTIMIZATION_LEVEL = 0;
				GCC_PREPROCESSOR_DEFINITIONS = (
					"DEBUG=1",
					"$(inherited)",
				);
				GCC_WARN_64_TO_32_BIT_CONVERSION = YES;
				GCC_WARN_ABOUT_RETURN_TYPE = YES_ERROR;
				GCC_WARN_UNDECLARED_SELECTOR = YES;
				GCC_WARN_UNINITIALIZED_AUTOS = YES_AGGRESSIVE;
				GCC_WARN_UNUSED_FUNCTION = YES;
				GCC_WARN_UNUSED_VARIABLE = YES;
				IPHONEOS_DEPLOYMENT_TARGET = 11.2;
				MTL_ENABLE_DEBUG_INFO = YES;
				ONLY_ACTIVE_ARCH = YES;
				SDKROOT = iphoneos;
				SWIFT_ACTIVE_COMPILATION_CONDITIONS = DEBUG;
				SWIFT_OPTIMIZATION_LEVEL = "-Onone";
			};
			name = Debug;
		};
		FE41579121E7C2580084DD78 /* Release */ = {
			isa = XCBuildConfiguration;
			buildSettings = {
				ALWAYS_SEARCH_USER_PATHS = NO;
				CLANG_ANALYZER_NONNULL = YES;
				CLANG_ANALYZER_NUMBER_OBJECT_CONVERSION = YES_AGGRESSIVE;
				CLANG_CXX_LANGUAGE_STANDARD = "gnu++14";
				CLANG_CXX_LIBRARY = "libc++";
				CLANG_ENABLE_MODULES = YES;
				CLANG_ENABLE_OBJC_ARC = YES;
				CLANG_WARN_BLOCK_CAPTURE_AUTORELEASING = YES;
				CLANG_WARN_BOOL_CONVERSION = YES;
				CLANG_WARN_COMMA = YES;
				CLANG_WARN_CONSTANT_CONVERSION = YES;
				CLANG_WARN_DIRECT_OBJC_ISA_USAGE = YES_ERROR;
				CLANG_WARN_DOCUMENTATION_COMMENTS = YES;
				CLANG_WARN_EMPTY_BODY = YES;
				CLANG_WARN_ENUM_CONVERSION = YES;
				CLANG_WARN_INFINITE_RECURSION = YES;
				CLANG_WARN_INT_CONVERSION = YES;
				CLANG_WARN_NON_LITERAL_NULL_CONVERSION = YES;
				CLANG_WARN_OBJC_LITERAL_CONVERSION = YES;
				CLANG_WARN_OBJC_ROOT_CLASS = YES_ERROR;
				CLANG_WARN_RANGE_LOOP_ANALYSIS = YES;
				CLANG_WARN_STRICT_PROTOTYPES = YES;
				CLANG_WARN_SUSPICIOUS_MOVE = YES;
				CLANG_WARN_UNGUARDED_AVAILABILITY = YES_AGGRESSIVE;
				CLANG_WARN_UNREACHABLE_CODE = YES;
				CLANG_WARN__DUPLICATE_METHOD_MATCH = YES;
				CODE_SIGN_IDENTITY = "iPhone Developer";
				COPY_PHASE_STRIP = NO;
				DEBUG_INFORMATION_FORMAT = "dwarf-with-dsym";
				ENABLE_NS_ASSERTIONS = NO;
				ENABLE_STRICT_OBJC_MSGSEND = YES;
				GCC_C_LANGUAGE_STANDARD = gnu11;
				GCC_NO_COMMON_BLOCKS = YES;
				GCC_WARN_64_TO_32_BIT_CONVERSION = YES;
				GCC_WARN_ABOUT_RETURN_TYPE = YES_ERROR;
				GCC_WARN_UNDECLARED_SELECTOR = YES;
				GCC_WARN_UNINITIALIZED_AUTOS = YES_AGGRESSIVE;
				GCC_WARN_UNUSED_FUNCTION = YES;
				GCC_WARN_UNUSED_VARIABLE = YES;
				IPHONEOS_DEPLOYMENT_TARGET = 11.2;
				MTL_ENABLE_DEBUG_INFO = NO;
				SDKROOT = iphoneos;
				SWIFT_OPTIMIZATION_LEVEL = "-Owholemodule";
				VALIDATE_PRODUCT = YES;
			};
			name = Release;
		};
		FE41579321E7C2580084DD78 /* Debug */ = {
			isa = XCBuildConfiguration;
			buildSettings = {
				ASSETCATALOG_COMPILER_APPICON_NAME = AppIcon;
				CODE_SIGN_STYLE = Automatic;
				DEVELOPMENT_TEAM = Z9DQ727BSH;
				INFOPLIST_FILE = showMyLocation/Info.plist;
				IPHONEOS_DEPLOYMENT_TARGET = 9.0;
				LD_RUNPATH_SEARCH_PATHS = "$(inherited) @executable_path/Frameworks";
				PRODUCT_BUNDLE_IDENTIFIER = Mem.showMyLocation;
				PRODUCT_NAME = "$(TARGET_NAME)";
				SWIFT_VERSION = 4.0;
				TARGETED_DEVICE_FAMILY = "1,2";
			};
			name = Debug;
		};
		FE41579421E7C2580084DD78 /* Release */ = {
			isa = XCBuildConfiguration;
			buildSettings = {
				ASSETCATALOG_COMPILER_APPICON_NAME = AppIcon;
				CODE_SIGN_STYLE = Automatic;
				DEVELOPMENT_TEAM = Z9DQ727BSH;
				INFOPLIST_FILE = showMyLocation/Info.plist;
				IPHONEOS_DEPLOYMENT_TARGET = 9.0;
				LD_RUNPATH_SEARCH_PATHS = "$(inherited) @executable_path/Frameworks";
				PRODUCT_BUNDLE_IDENTIFIER = Mem.showMyLocation;
				PRODUCT_NAME = "$(TARGET_NAME)";
				SWIFT_VERSION = 4.0;
				TARGETED_DEVICE_FAMILY = "1,2";
			};
			name = Release;
		};
/* End XCBuildConfiguration section */

/* Begin XCConfigurationList section */
		FE41577B21E7C2560084DD78 /* Build configuration list for PBXProject "showMyLocation" */ = {
			isa = XCConfigurationList;
			buildConfigurations = (
				FE41579021E7C2580084DD78 /* Debug */,
				FE41579121E7C2580084DD78 /* Release */,
			);
			defaultConfigurationIsVisible = 0;
			defaultConfigurationName = Release;
		};
		FE41579221E7C2580084DD78 /* Build configuration list for PBXNativeTarget "showMyLocation" */ = {
			isa = XCConfigurationList;
			buildConfigurations = (
				FE41579321E7C2580084DD78 /* Debug */,
				FE41579421E7C2580084DD78 /* Release */,
			);
			defaultConfigurationIsVisible = 0;
			defaultConfigurationName = Release;
		};
/* End XCConfigurationList section */
	};
	rootObject = FE41577821E7C2560084DD78 /* Project object */;
}
